
Microsoft Visual Studio Solution File, Format Version 12.00
# Visual Studio Version 17
VisualStudioVersion = 17.9.34310.174
MinimumVisualStudioVersion = 10.0.40219.1
Project("{FAE04EC0-301F-11D3-BF4B-00C04F79EFBC}") = "EntityFramWorkWithoutMigrations", "EntityFramWorkWithoutMigrations.csproj", "{DC69F0C6-D0C8-43B6-BD97-35AD890C8AE3}"
EndProject
Global
	GlobalSection(SolutionConfigurationPlatforms) = preSolution
		Debug|Any CPU = Debug|Any CPU
		Release|Any CPU = Release|Any CPU
	EndGlobalSection
	GlobalSection(ProjectConfigurationPlatforms) = postSolution
		{DC69F0C6-D0C8-43B6-BD97-35AD890C8AE3}.Debug|Any CPU.ActiveCfg = Debug|Any CPU
		{DC69F0C6-D0C8-43B6-BD97-35AD890C8AE3}.Debug|Any CPU.Build.0 = Debug|Any CPU
		{DC69F0C6-D0C8-43B6-BD97-35AD890C8AE3}.Debug|Any CPU.Deploy.0 = Debug|Any CPU
		{DC69F0C6-D0C8-43B6-BD97-35AD890C8AE3}.Release|Any CPU.ActiveCfg = Release|Any CPU
		{DC69F0C6-D0C8-43B6-BD97-35AD890C8AE3}.Release|Any CPU.Build.0 = Release|Any CPU
		{DC69F0C6-D0C8-43B6-BD97-35AD890C8AE3}.Release|Any CPU.Deploy.0 = Release|Any CPU
	EndGlobalSection
	GlobalSection(SolutionProperties) = preSolution
		HideSolutionNode = FALSE
	EndGlobalSection
	GlobalSection(ExtensibilityGlobals) = postSolution
		SolutionGuid = {17E190DF-792F-4F55-90D7-146E8C6E01D6}
	EndGlobalSection
EndGlobal
